// !$*UTF8*$!
{
	archiveVersion = 1;
	classes = {
	};
	objectVersion = 50;
	objects = {

/* Begin PBXBuildFile section */
		3C34891E20CF401F005449FE /* AppDelegate.swift in Sources */ = {isa = PBXBuildFile; fileRef = 3C34891D20CF401F005449FE /* AppDelegate.swift */; };
		3C34892020CF401F005449FE /* ViewController.swift in Sources */ = {isa = PBXBuildFile; fileRef = 3C34891F20CF401F005449FE /* ViewController.swift */; };
		3C34892320CF401F005449FE /* Main.storyboard in Resources */ = {isa = PBXBuildFile; fileRef = 3C34892120CF401F005449FE /* Main.storyboard */; };
		3C34892520CF4021005449FE /* Assets.xcassets in Resources */ = {isa = PBXBuildFile; fileRef = 3C34892420CF4021005449FE /* Assets.xcassets */; };
		3C34892820CF4021005449FE /* LaunchScreen.storyboard in Resources */ = {isa = PBXBuildFile; fileRef = 3C34892620CF4021005449FE /* LaunchScreen.storyboard */; };
		CB6E1F1C428104B2B493BB53 /* Pods_Network_Week_9.framework in Frameworks */ = {isa = PBXBuildFile; fileRef = AFC8002AE1F1D67C68DDEEAA /* Pods_Network_Week_9.framework */; };
/* End PBXBuildFile section */

/* Begin PBXFileReference section */
		33D6AB651B11D7785E9EB23B /* Pods-Network Week 9.debug.xcconfig */ = {isa = PBXFileReference; includeInIndex = 1; lastKnownFileType = text.xcconfig; name = "Pods-Network Week 9.debug.xcconfig"; path = "Pods/Target Support Files/Pods-Network Week 9/Pods-Network Week 9.debug.xcconfig"; sourceTree = "<group>"; };
		3C34891A20CF401F005449FE /* Network Week 9.app */ = {isa = PBXFileReference; explicitFileType = wrapper.application; includeInIndex = 0; path = "Network Week 9.app"; sourceTree = BUILT_PRODUCTS_DIR; };
		3C34891D20CF401F005449FE /* AppDelegate.swift */ = {isa = PBXFileReference; lastKnownFileType = sourcecode.swift; path = AppDelegate.swift; sourceTree = "<group>"; };
		3C34891F20CF401F005449FE /* ViewController.swift */ = {isa = PBXFileReference; lastKnownFileType = sourcecode.swift; path = ViewController.swift; sourceTree = "<group>"; };
		3C34892220CF401F005449FE /* Base */ = {isa = PBXFileReference; lastKnownFileType = file.storyboard; name = Base; path = Base.lproj/Main.storyboard; sourceTree = "<group>"; };
		3C34892420CF4021005449FE /* Assets.xcassets */ = {isa = PBXFileReference; lastKnownFileType = folder.assetcatalog; path = Assets.xcassets; sourceTree = "<group>"; };
		3C34892720CF4021005449FE /* Base */ = {isa = PBXFileReference; lastKnownFileType = file.storyboard; name = Base; path = Base.lproj/LaunchScreen.storyboard; sourceTree = "<group>"; };
		3C34892920CF4021005449FE /* Info.plist */ = {isa = PBXFileReference; lastKnownFileType = text.plist.xml; path = Info.plist; sourceTree = "<group>"; };
		AFC8002AE1F1D67C68DDEEAA /* Pods_Network_Week_9.framework */ = {isa = PBXFileReference; explicitFileType = wrapper.framework; includeInIndex = 0; path = Pods_Network_Week_9.framework; sourceTree = BUILT_PRODUCTS_DIR; };
		E56B0C089814AF8254EE51E0 /* Pods-Network Week 9.release.xcconfig */ = {isa = PBXFileReference; includeInIndex = 1; lastKnownFileType = text.xcconfig; name = "Pods-Network Week 9.release.xcconfig"; path = "Pods/Target Support Files/Pods-Network Week 9/Pods-Network Week 9.release.xcconfig"; sourceTree = "<group>"; };
/* End PBXFileReference section */

/* Begin PBXFrameworksBuildPhase section */
		3C34891720CF401F005449FE /* Frameworks */ = {
			isa = PBXFrameworksBuildPhase;
			buildActionMask = 2147483647;
			files = (
				CB6E1F1C428104B2B493BB53 /* Pods_Network_Week_9.framework in Frameworks */,
			);
			runOnlyForDeploymentPostprocessing = 0;
		};
/* End PBXFrameworksBuildPhase section */

/* Begin PBXGroup section */
		3C34891120CF401F005449FE = {
			isa = PBXGroup;
			children = (
				3C34891C20CF401F005449FE /* Network Week 9 */,
				3C34891B20CF401F005449FE /* Products */,
				693673872B87076D176D2F4B /* Pods */,
				652919799B54692B4F04A67A /* Frameworks */,
			);
			sourceTree = "<group>";
		};
		3C34891B20CF401F005449FE /* Products */ = {
			isa = PBXGroup;
			children = (
				3C34891A20CF401F005449FE /* Network Week 9.app */,
			);
			name = Products;
			sourceTree = "<group>";
		};
		3C34891C20CF401F005449FE /* Network Week 9 */ = {
			isa = PBXGroup;
			children = (
				3C34891D20CF401F005449FE /* AppDelegate.swift */,
				3C34891F20CF401F005449FE /* ViewController.swift */,
				3C34892120CF401F005449FE /* Main.storyboard */,
				3C34892420CF4021005449FE /* Assets.xcassets */,
				3C34892620CF4021005449FE /* LaunchScreen.storyboard */,
				3C34892920CF4021005449FE /* Info.plist */,
			);
			path = "Network Week 9";
			sourceTree = "<group>";
		};
		652919799B54692B4F04A67A /* Frameworks */ = {
			isa = PBXGroup;
			children = (
				AFC8002AE1F1D67C68DDEEAA /* Pods_Network_Week_9.framework */,
			);
			name = Frameworks;
			sourceTree = "<group>";
		};
		693673872B87076D176D2F4B /* Pods */ = {
			isa = PBXGroup;
			children = (
				33D6AB651B11D7785E9EB23B /* Pods-Network Week 9.debug.xcconfig */,
				E56B0C089814AF8254EE51E0 /* Pods-Network Week 9.release.xcconfig */,
			);
			name = Pods;
			sourceTree = "<group>";
		};
/* End PBXGroup section */

/* Begin PBXNativeTarget section */
		3C34891920CF401F005449FE /* Network Week 9 */ = {
			isa = PBXNativeTarget;
			buildConfigurationList = 3C34892C20CF4021005449FE /* Build configuration list for PBXNativeTarget "Network Week 9" */;
			buildPhases = (
				DD883867FDA0490A7C2AFFE0 /* [CP] Check Pods Manifest.lock */,
				3C34891620CF401F005449FE /* Sources */,
				3C34891720CF401F005449FE /* Frameworks */,
				3C34891820CF401F005449FE /* Resources */,
			);
			buildRules = (
			);
			dependencies = (
			);
			name = "Network Week 9";
			productName = "Network Week 9";
			productReference = 3C34891A20CF401F005449FE /* Network Week 9.app */;
			productType = "com.apple.product-type.application";
		};
/* End PBXNativeTarget section */

/* Begin PBXProject section */
		3C34891220CF401F005449FE /* Project object */ = {
			isa = PBXProject;
			attributes = {
				LastSwiftUpdateCheck = 0930;
				LastUpgradeCheck = 0930;
				ORGANIZATIONNAME = ETLanza;
				TargetAttributes = {
					3C34891920CF401F005449FE = {
						CreatedOnToolsVersion = 9.3.1;
					};
				};
			};
			buildConfigurationList = 3C34891520CF401F005449FE /* Build configuration list for PBXProject "Network Week 9" */;
			compatibilityVersion = "Xcode 9.3";
			developmentRegion = en;
			hasScannedForEncodings = 0;
			knownRegions = (
				en,
				Base,
			);
			mainGroup = 3C34891120CF401F005449FE;
			productRefGroup = 3C34891B20CF401F005449FE /* Products */;
			projectDirPath = "";
			projectRoot = "";
			targets = (
				3C34891920CF401F005449FE /* Network Week 9 */,
			);
		};
/* End PBXProject section */

/* Begin PBXResourcesBuildPhase section */
		3C34891820CF401F005449FE /* Resources */ = {
			isa = PBXResourcesBuildPhase;
			buildActionMask = 2147483647;
			files = (
				3C34892820CF4021005449FE /* LaunchScreen.storyboard in Resources */,
				3C34892520CF4021005449FE /* Assets.xcassets in Resources */,
				3C34892320CF401F005449FE /* Main.storyboard in Resources */,
			);
			runOnlyForDeploymentPostprocessing = 0;
		};
/* End PBXResourcesBuildPhase section */

/* Begin PBXShellScriptBuildPhase section */
		DD883867FDA0490A7C2AFFE0 /* [CP] Check Pods Manifest.lock */ = {
			isa = PBXShellScriptBuildPhase;
			buildActionMask = 2147483647;
			files = (
			);
			inputPaths = (
				"${PODS_PODFILE_DIR_PATH}/Podfile.lock",
				"${PODS_ROOT}/Manifest.lock",
			);
			name = "[CP] Check Pods Manifest.lock";
			outputPaths = (
				"$(DERIVED_FILE_DIR)/Pods-Network Week 9-checkManifestLockResult.txt",
			);
			runOnlyForDeploymentPostprocessing = 0;
			shellPath = /bin/sh;
			shellScript = "diff \"${PODS_PODFILE_DIR_PATH}/Podfile.lock\" \"${PODS_ROOT}/Manifest.lock\" > /dev/null\nif [ $? != 0 ] ; then\n    # print error to STDERR\n    echo \"error: The sandbox is not in sync with the Podfile.lock. Run 'pod install' or update your CocoaPods installation.\" >&2\n    exit 1\nfi\n# This output is used by Xcode 'outputs' to avoid re-running this script phase.\necho \"SUCCESS\" > \"${SCRIPT_OUTPUT_FILE_0}\"\n";
			showEnvVarsInLog = 0;
		};
/* End PBXShellScriptBuildPhase section */

/* Begin PBXSourcesBuildPhase section */
		3C34891620CF401F005449FE /* Sources */ = {
			isa = PBXSourcesBuildPhase;
			buildActionMask = 2147483647;
			files = (
				3C34892020CF401F005449FE /* ViewController.swift in Sources */,
				3C34891E20CF401F005449FE /* AppDelegate.swift in Sources */,
			);
			runOnlyForDeploymentPostprocessing = 0;
		};
/* End PBXSourcesBuildPhase section */

/* Begin PBXVariantGroup section */
		3C34892120CF401F005449FE /* Main.storyboard */ = {
			isa = PBXVariantGroup;
			children = (
				3C34892220CF401F005449FE /* Base */,
			);
			name = Main.storyboard;
			sourceTree = "<group>";
		};
		3C34892620CF4021005449FE /* LaunchScreen.storyboard */ = {
			isa = PBXVariantGroup;
			children = (
				3C34892720CF4021005449FE /* Base */,
			);
			name = LaunchScreen.storyboard;
			sourceTree = "<group>";
		};
/* End PBXVariantGroup section */

/* Begin XCBuildConfiguration section */
		3C34892A20CF4021005449FE /* Debug */ = {
			isa = XCBuildConfiguration;
			buildSettings = {
				ALWAYS_SEARCH_USER_PATHS = NO;
				CLANG_ANALYZER_NONNULL = YES;
				CLANG_ANALYZER_NUMBER_OBJECT_CONVERSION = YES_AGGRESSIVE;
				CLANG_CXX_LANGUAGE_STANDARD = "gnu++14";
				CLANG_CXX_LIBRARY = "libc++";
				CLANG_ENABLE_MODULES = YES;
				CLANG_ENABLE_OBJC_ARC = YES;
				CLANG_ENABLE_OBJC_WEAK = YES;
				CLANG_WARN_BLOCK_CAPTURE_AUTORELEASING = YES;
				CLANG_WARN_BOOL_CONVERSION = YES;
				CLANG_WARN_COMMA = YES;
				CLANG_WARN_CONSTANT_CONVERSION = YES;
				CLANG_WARN_DEPRECATED_OBJC_IMPLEMENTATIONS = YES;
				CLANG_WARN_DIRECT_OBJC_ISA_USAGE = YES_ERROR;
				CLANG_WARN_DOCUMENTATION_COMMENTS = YES;
				CLANG_WARN_EMPTY_BODY = YES;
				CLANG_WARN_ENUM_CONVERSION = YES;
				CLANG_WARN_INFINITE_RECURSION = YES;
				CLANG_WARN_INT_CONVERSION = YES;
				CLANG_WARN_NON_LITERAL_NULL_CONVERSION = YES;
				CLANG_WARN_OBJC_IMPLICIT_RETAIN_SELF = YES;
				CLANG_WARN_OBJC_LITERAL_CONVERSION = YES;
				CLANG_WARN_OBJC_ROOT_CLASS = YES_ERROR;
				CLANG_WARN_RANGE_LOOP_ANALYSIS = YES;
				CLANG_WARN_STRICT_PROTOTYPES = YES;
				CLANG_WARN_SUSPICIOUS_MOVE = YES;
				CLANG_WARN_UNGUARDED_AVAILABILITY = YES_AGGRESSIVE;
				CLANG_WARN_UNREACHABLE_CODE = YES;
				CLANG_WARN__DUPLICATE_METHOD_MATCH = YES;
				CODE_SIGN_IDENTITY = "iPhone Developer";
				COPY_PHASE_STRIP = NO;
				DEBUG_INFORMATION_FORMAT = dwarf;
				ENABLE_STRICT_OBJC_MSGSEND = YES;
				ENABLE_TESTABILITY = YES;
				GCC_C_LANGUAGE_STANDARD = gnu11;
				GCC_DYNAMIC_NO_PIC = NO;
				GCC_NO_COMMON_BLOCKS = YES;
				GCC_OPTIMIZATION_LEVEL = 0;
				GCC_PREPROCESSOR_DEFINITIONS = (
					"DEBUG=1",
					"$(inherited)",
				);
				GCC_WARN_64_TO_32_BIT_CONVERSION = YES;
				GCC_WARN_ABOUT_RETURN_TYPE = YES_ERROR;
				GCC_WARN_UNDECLARED_SELECTOR = YES;
				GCC_WARN_UNINITIALIZED_AUTOS = YES_AGGRESSIVE;
				GCC_WARN_UNUSED_FUNCTION = YES;
				GCC_WARN_UNUSED_VARIABLE = YES;
				IPHONEOS_DEPLOYMENT_TARGET = 11.3;
				MTL_ENABLE_DEBUG_INFO = YES;
				ONLY_ACTIVE_ARCH = YES;
				SDKROOT = iphoneos;
				SWIFT_ACTIVE_COMPILATION_CONDITIONS = DEBUG;
				SWIFT_OPTIMIZATION_LEVEL = "-Onone";
			};
			name = Debug;
		};
		3C34892B20CF4021005449FE /* Release */ = {
			isa = XCBuildConfiguration;
			buildSettings = {
				ALWAYS_SEARCH_USER_PATHS = NO;
				CLANG_ANALYZER_NONNULL = YES;
				CLANG_ANALYZER_NUMBER_OBJECT_CONVERSION = YES_AGGRESSIVE;
				CLANG_CXX_LANGUAGE_STANDARD = "gnu++14";
				CLANG_CXX_LIBRARY = "libc++";
				CLANG_ENABLE_MODULES = YES;
				CLANG_ENABLE_OBJC_ARC = YES;
				CLANG_ENABLE_OBJC_WEAK = YES;
				CLANG_WARN_BLOCK_CAPTURE_AUTORELEASING = YES;
				CLANG_WARN_BOOL_CONVERSION = YES;
				CLANG_WARN_COMMA = YES;
				CLANG_WARN_CONSTANT_CONVERSION = YES;
				CLANG_WARN_DEPRECATED_OBJC_IMPLEMENTATIONS = YES;
				CLANG_WARN_DIRECT_OBJC_ISA_USAGE = YES_ERROR;
				CLANG_WARN_DOCUMENTATION_COMMENTS = YES;
				CLANG_WARN_EMPTY_BODY = YES;
				CLANG_WARN_ENUM_CONVERSION = YES;
				CLANG_WARN_INFINITE_RECURSION = YES;
				CLANG_WARN_INT_CONVERSION = YES;
				CLANG_WARN_NON_LITERAL_NULL_CONVERSION = YES;
				CLANG_WARN_OBJC_IMPLICIT_RETAIN_SELF = YES;
				CLANG_WARN_OBJC_LITERAL_CONVERSION = YES;
				CLANG_WARN_OBJC_ROOT_CLASS = YES_ERROR;
				CLANG_WARN_RANGE_LOOP_ANALYSIS = YES;
				CLANG_WARN_STRICT_PROTOTYPES = YES;
				CLANG_WARN_SUSPICIOUS_MOVE = YES;
				CLANG_WARN_UNGUARDED_AVAILABILITY = YES_AGGRESSIVE;
				CLANG_WARN_UNREACHABLE_CODE = YES;
				CLANG_WARN__DUPLICATE_METHOD_MATCH = YES;
				CODE_SIGN_IDENTITY = "iPhone Developer";
				COPY_PHASE_STRIP = NO;
				DEBUG_INFORMATION_FORMAT = "dwarf-with-dsym";
				ENABLE_NS_ASSERTIONS = NO;
				ENABLE_STRICT_OBJC_MSGSEND = YES;
				GCC_C_LANGUAGE_STANDARD = gnu11;
				GCC_NO_COMMON_BLOCKS = YES;
				GCC_WARN_64_TO_32_BIT_CONVERSION = YES;
				GCC_WARN_ABOUT_RETURN_TYPE = YES_ERROR;
				GCC_WARN_UNDECLARED_SELECTOR = YES;
				GCC_WARN_UNINITIALIZED_AUTOS = YES_AGGRESSIVE;
				GCC_WARN_UNUSED_FUNCTION = YES;
				GCC_WARN_UNUSED_VARIABLE = YES;
				IPHONEOS_DEPLOYMENT_TARGET = 11.3;
				MTL_ENABLE_DEBUG_INFO = NO;
				SDKROOT = iphoneos;
				SWIFT_COMPILATION_MODE = wholemodule;
				SWIFT_OPTIMIZATION_LEVEL = "-O";
				VALIDATE_PRODUCT = YES;
			};
			name = Release;
		};
		3C34892D20CF4021005449FE /* Debug */ = {
			isa = XCBuildConfiguration;
			baseConfigurationReference = 33D6AB651B11D7785E9EB23B /* Pods-Network Week 9.debug.xcconfig */;
			buildSettings = {
				ASSETCATALOG_COMPILER_APPICON_NAME = AppIcon;
				CODE_SIGN_STYLE = Automatic;
				INFOPLIST_FILE = "Network Week 9/Info.plist";
				LD_RUNPATH_SEARCH_PATHS = (
					"$(inherited)",
					"@executable_path/Frameworks",
				);
				PRODUCT_BUNDLE_IDENTIFIER = "io.Lanza.Network-Week-9";
				PRODUCT_NAME = "$(TARGET_NAME)";
				SWIFT_VERSION = 4.0;
				TARGETED_DEVICE_FAMILY = "1,2";
			};
			name = Debug;
		};
		3C34892E20CF4021005449FE /* Release */ = {
			isa = XCBuildConfiguration;
			baseConfigurationReference = E56B0C089814AF8254EE51E0 /* Pods-Network Week 9.release.xcconfig */;
			buildSettings = {
				ASSETCATALOG_COMPILER_APPICON_NAME = AppIcon;
				CODE_SIGN_STYLE = Automatic;
				INFOPLIST_FILE = "Network Week 9/Info.plist";
				LD_RUNPATH_SEARCH_PATHS = (
					"$(inherited)",
					"@executable_path/Frameworks",
				);
				PRODUCT_BUNDLE_IDENTIFIER = "io.Lanza.Network-Week-9";
				PRODUCT_NAME = "$(TARGET_NAME)";
				SWIFT_VERSION = 4.0;
				TARGETED_DEVICE_FAMILY = "1,2";
			};
			name = Release;
		};
/* End XCBuildConfiguration section */

/* Begin XCConfigurationList section */
		3C34891520CF401F005449FE /* Build configuration list for PBXProject "Network Week 9" */ = {
			isa = XCConfigurationList;
			buildConfigurations = (
				3C34892A20CF4021005449FE /* Debug */,
				3C34892B20CF4021005449FE /* Release */,
			);
			defaultConfigurationIsVisible = 0;
			defaultConfigurationName = Release;
		};
		3C34892C20CF4021005449FE /* Build configuration list for PBXNativeTarget "Network Week 9" */ = {
			isa = XCConfigurationList;
			buildConfigurations = (
				3C34892D20CF4021005449FE /* Debug */,
				3C34892E20CF4021005449FE /* Release */,
			);
			defaultConfigurationIsVisible = 0;
			defaultConfigurationName = Release;
		};
/* End XCConfigurationList section */
	};
	rootObject = 3C34891220CF401F005449FE /* Project object */;
}
